lockfileVersion: '9.0'

settings:
  autoInstallPeers: true
  excludeLinksFromLockfile: false

importers:

  .:
    dependencies:
      pnpm:
        specifier: ^10.28.2
        version: 10.29.2

packages:

  pnpm@10.29.2:
    resolution: {integrity: sha512-vvQ/p1nZH9LaSzGaWg0T73pFu5haPXNCBYRw+dIFGjuoZ05ilnJlRobvlEOtE6gtor657rPgIhyHuBVP/510uA==}
    engines: {node: '>=18.12'}
    hasBin: true

snapshots:

  pnpm@10.29.2: {}
